github.com/emersion/go-msgauth v0.7.0 h1:vj2hMn6KhFtW41kshIBTXvp6KgYSqpA/ZN9Pv4g1INc=
github.com/emersion/go-msgauth v0.7.0/go.mod h1:mmS9I6HkSovrNgq0HNXTeu8l3sRAAuQ9RMvbM4KU7Ck=
github.com/go-chi/chi/v5 v5.2.5 h1:Eg4myHZBjyvJmAFjFvWgrqDTXFyOzjj7YIm3L3mu6Ug=
github.com/go-chi/chi/v5 v5.2.5/go.mod h1:X7Gx4mteadT3eDOMTsXzmI4/rwUpOwBHLpAfupzFJP0=
github.com/mattn/go-sqlite3 v1.14.37 h1:3DOZp4cXis1cUIpCfXLtmlGolNLp2VEqhiB/PARNBIg=
github.com/mattn/go-sqlite3 v1.14.37/go.mod h1:Uh1q+B4BYcTPb+yiD3kU8Ct7aC0hY9fxUwlHK0RXw+Y=
github.com/mattn/go-sqlite3 v1.14.38 h1:tDUzL85kMvOrvpCt8P64SbGgVFtJB11GPi2AdmITgb4=
github.com/mattn/go-sqlite3 v1.14.38/go.mod h1:Uh1q+B4BYcTPb+yiD3kU8Ct7aC0hY9fxUwlHK0RXw+Y=
golang.org/x/crypto v0.36.0 h1:AnAEvhDddvBdpY+uR+MyHmuZzzNqXSe/GvuDeob5L34=
golang.org/x/crypto v0.36.0/go.mod h1:Y4J0ReaxCR1IMaabaSMugxJES1EpwhBHhv2bDHklZvc=
golang.org/x/crypto v0.45.0 h1:jMBrvKuj23MTlT0bQEOBcAE0mjg8mK9RXFhRH6nyF3Q=
golang.org/x/crypto v0.45.0/go.mod h1:XTGrrkGJve7CYK7J8PEww4aY7gM3qMCElcJQ8n8JdX4=
golang.org/x/crypto v0.49.0 h1:+Ng2ULVvLHnJ/ZFEq4KdcDd/cfjrrjjNSXNzxg0Y4U4=
golang.org/x/crypto v0.49.0/go.mod h1:ErX4dUh2UM+CFYiXZRTcMpEcN8b/1gxEuv3nODoYtCA=
