github.com/emersion/go-msgauth v0.7.0 h1:vj2hMn6KhFtW41kshIBTXvp6KgYSqpA/ZN9Pv4g1INc=
github.com/emersion/go-msgauth v0.7.0/go.mod h1:mmS9I6HkSovrNgq0HNXTeu8l3sRAAuQ9RMvbM4KU7Ck=
github.com/go-chi/chi/v5 v5.2.5 h1:Eg4myHZBjyvJmAFjFvWgrqDTXFyOzjj7YIm3L3mu6Ug=
github.com/go-chi/chi/v5 v5.2.5/go.mod h1:X7Gx4mteadT3eDOMTsXzmI4/rwUpOwBHLpAfupzFJP0=
github.com/mattn/go-sqlite3 v1.14.38 h1:tDUzL85kMvOrvpCt8P64SbGgVFtJB11GPi2AdmITgb4=
github.com/mattn/go-sqlite3 v1.14.38/go.mod h1:Uh1q+B4BYcTPb+yiD3kU8Ct7aC0hY9fxUwlHK0RXw+Y=
golang.org/x/crypto v0.50.0 h1:zO47/JPrL6vsNkINmLoo/PH1gcxpls50DNogFvB5ZGI=
golang.org/x/crypto v0.50.0/go.mod h1:3muZ7vA7PBCE6xgPX7nkzzjiUq87kRItoJQM1Yo8S+Q=
